
Microsoft Visual Studio Solution File, Format Version 12.00
# Visual Studio Version 17
VisualStudioVersion = 17.9.34723.18
MinimumVisualStudioVersion = 10.0.40219.1
Project("{FAE04EC0-301F-11D3-BF4B-00C04F79EFBC}") = "Football_Management", "Football_Management\Football_Management.csproj", "{9C82F493-11A7-4C69-A979-4747E79AE28B}"
EndProject
Global
	GlobalSection(SolutionConfigurationPlatforms) = preSolution
		Debug|Any CPU = Debug|Any CPU
		Release|Any CPU = Release|Any CPU
	EndGlobalSection
	GlobalSection(ProjectConfigurationPlatforms) = postSolution
		{9C82F493-11A7-4C69-A979-4747E79AE28B}.Debug|Any CPU.ActiveCfg = Debug|Any CPU
		{9C82F493-11A7-4C69-A979-4747E79AE28B}.Debug|Any CPU.Build.0 = Debug|Any CPU
		{9C82F493-11A7-4C69-A979-4747E79AE28B}.Release|Any CPU.ActiveCfg = Release|Any CPU
		{9C82F493-11A7-4C69-A979-4747E79AE28B}.Release|Any CPU.Build.0 = Release|Any CPU
	EndGlobalSection
	GlobalSection(SolutionProperties) = preSolution
		HideSolutionNode = FALSE
	EndGlobalSection
	GlobalSection(ExtensibilityGlobals) = postSolution
		SolutionGuid = {39F5A407-7CE4-4242-B535-34877D1C36EB}
	EndGlobalSection
EndGlobal
